
Microsoft Visual Studio Solution File, Format Version 12.00
# Visual Studio 14
VisualStudioVersion = 14.0.25420.1
MinimumVisualStudioVersion = 10.0.40219.1
Project("{8BC9CEB8-8B4A-11D0-8D11-00A0C91BC942}") = "BranchTracer", "BranchTracer\BranchTracer.vcxproj", "{4091E46D-6B04-44CB-B0DD-C6AF1BA7355E}"
EndProject
Project("{8BC9CEB8-8B4A-11D0-8D11-00A0C91BC942}") = "BrancherDLL", "BrancherDLL\BrancherDLL.vcxproj", "{F82D3AEC-1D84-4078-B489-1E754C325D24}"
EndProject
Global
	GlobalSection(SolutionConfigurationPlatforms) = preSolution
		Debug|x64 = Debug|x64
		Debug|x86 = Debug|x86
		Release|x64 = Release|x64
		Release|x86 = Release|x86
	EndGlobalSection
	GlobalSection(ProjectConfigurationPlatforms) = postSolution
		{4091E46D-6B04-44CB-B0DD-C6AF1BA7355E}.Debug|x64.ActiveCfg = Debug|x64
		{4091E46D-6B04-44CB-B0DD-C6AF1BA7355E}.Debug|x64.Build.0 = Debug|x64
		{4091E46D-6B04-44CB-B0DD-C6AF1BA7355E}.Debug|x86.ActiveCfg = Debug|Win32
		{4091E46D-6B04-44CB-B0DD-C6AF1BA7355E}.Debug|x86.Build.0 = Debug|Win32
		{4091E46D-6B04-44CB-B0DD-C6AF1BA7355E}.Release|x64.ActiveCfg = Release|x64
		{4091E46D-6B04-44CB-B0DD-C6AF1BA7355E}.Release|x64.Build.0 = Release|x64
		{4091E46D-6B04-44CB-B0DD-C6AF1BA7355E}.Release|x86.ActiveCfg = Release|Win32
		{4091E46D-6B04-44CB-B0DD-C6AF1BA7355E}.Release|x86.Build.0 = Release|Win32
		{F82D3AEC-1D84-4078-B489-1E754C325D24}.Debug|x64.ActiveCfg = Debug|x64
		{F82D3AEC-1D84-4078-B489-1E754C325D24}.Debug|x64.Build.0 = Debug|x64
		{F82D3AEC-1D84-4078-B489-1E754C325D24}.Debug|x86.ActiveCfg = Debug|Win32
		{F82D3AEC-1D84-4078-B489-1E754C325D24}.Debug|x86.Build.0 = Debug|Win32
		{F82D3AEC-1D84-4078-B489-1E754C325D24}.Release|x64.ActiveCfg = Release|x64
		{F82D3AEC-1D84-4078-B489-1E754C325D24}.Release|x64.Build.0 = Release|x64
		{F82D3AEC-1D84-4078-B489-1E754C325D24}.Release|x86.ActiveCfg = Release|Win32
		{F82D3AEC-1D84-4078-B489-1E754C325D24}.Release|x86.Build.0 = Release|Win32
	EndGlobalSection
	GlobalSection(SolutionProperties) = preSolution
		HideSolutionNode = FALSE
	EndGlobalSection
EndGlobal
